
Microsoft Visual Studio Solution File, Format Version 12.00
# Visual Studio Version 16
VisualStudioVersion = 16.0.30709.132
MinimumVisualStudioVersion = 10.0.40219.1
Project("{9A19103F-16F7-4668-BE54-9A1E7A4F7556}") = "GD.FinishingSystem.Entities", "GD.FinishingSystem.Entities\GD.FinishingSystem.Entities.csproj", "{F15E7A3C-51AA-47E1-B107-A88AA038613A}"
EndProject
Project("{9A19103F-16F7-4668-BE54-9A1E7A4F7556}") = "GD.FinishingSystem.DAL", "GD.FinishingSystem.DAL\GD.FinishingSystem.DAL.csproj", "{69B8793B-5656-4995-B36D-2FA0822E463B}"
EndProject
Project("{9A19103F-16F7-4668-BE54-9A1E7A4F7556}") = "GD.FinishingSystem.Bussines", "GD.FinishingSystem.Bussines\GD.FinishingSystem.Bussines.csproj", "{D4D0B5F6-0D5F-4E61-B104-92E72D23DE7C}"
EndProject
Project("{FAE04EC0-301F-11D3-BF4B-00C04F79EFBC}") = "GD.FinishingSystem.WEB", "GD.FinishingSystem.WEB\GD.FinishingSystem.WEB.csproj", "{E71D1BED-E981-4FA1-8799-F620881A2091}"
EndProject
Global
	GlobalSection(SolutionConfigurationPlatforms) = preSolution
		Debug|Any CPU = Debug|Any CPU
		Release|Any CPU = Release|Any CPU
	EndGlobalSection
	GlobalSection(ProjectConfigurationPlatforms) = postSolution
		{F15E7A3C-51AA-47E1-B107-A88AA038613A}.Debug|Any CPU.ActiveCfg = Debug|Any CPU
		{F15E7A3C-51AA-47E1-B107-A88AA038613A}.Debug|Any CPU.Build.0 = Debug|Any CPU
		{F15E7A3C-51AA-47E1-B107-A88AA038613A}.Release|Any CPU.ActiveCfg = Release|Any CPU
		{F15E7A3C-51AA-47E1-B107-A88AA038613A}.Release|Any CPU.Build.0 = Release|Any CPU
		{69B8793B-5656-4995-B36D-2FA0822E463B}.Debug|Any CPU.ActiveCfg = Debug|Any CPU
		{69B8793B-5656-4995-B36D-2FA0822E463B}.Debug|Any CPU.Build.0 = Debug|Any CPU
		{69B8793B-5656-4995-B36D-2FA0822E463B}.Release|Any CPU.ActiveCfg = Release|Any CPU
		{69B8793B-5656-4995-B36D-2FA0822E463B}.Release|Any CPU.Build.0 = Release|Any CPU
		{D4D0B5F6-0D5F-4E61-B104-92E72D23DE7C}.Debug|Any CPU.ActiveCfg = Debug|Any CPU
		{D4D0B5F6-0D5F-4E61-B104-92E72D23DE7C}.Debug|Any CPU.Build.0 = Debug|Any CPU
		{D4D0B5F6-0D5F-4E61-B104-92E72D23DE7C}.Release|Any CPU.ActiveCfg = Release|Any CPU
		{D4D0B5F6-0D5F-4E61-B104-92E72D23DE7C}.Release|Any CPU.Build.0 = Release|Any CPU
		{E71D1BED-E981-4FA1-8799-F620881A2091}.Debug|Any CPU.ActiveCfg = Debug|Any CPU
		{E71D1BED-E981-4FA1-8799-F620881A2091}.Debug|Any CPU.Build.0 = Debug|Any CPU
		{E71D1BED-E981-4FA1-8799-F620881A2091}.Release|Any CPU.ActiveCfg = Release|Any CPU
		{E71D1BED-E981-4FA1-8799-F620881A2091}.Release|Any CPU.Build.0 = Release|Any CPU
	EndGlobalSection
	GlobalSection(SolutionProperties) = preSolution
		HideSolutionNode = FALSE
	EndGlobalSection
	GlobalSection(ExtensibilityGlobals) = postSolution
		SolutionGuid = {29362FF9-47E7-4718-8100-37BB435D77FF}
	EndGlobalSection
EndGlobal
